PODS:
  - AFNetworking (1.3.2)
  - FSExtendedAlertKit (0.1.0)
  - JSONKit (1.5pre)
  - LBBlurredImage (0.1.0)
  - libwebp (0.3.0-rc7):
    - libwebp/dec
    - libwebp/dsp
    - libwebp/utils
    - libwebp/webp
  - libwebp/dec (0.3.0-rc7)
  - libwebp/dsp (0.3.0-rc7)
  - libwebp/utils (0.3.0-rc7)
  - libwebp/webp (0.3.0-rc7)
  - SDWebImage (3.4):
    - libwebp
    - SDWebImage/MapKit
  - SDWebImage/MapKit (3.4):
    - libwebp
  - ViewDeck (2.3.1)

DEPENDENCIES:
  - AFNetworking (< 1.9.9)
  - FSExtendedAlertKit
  - JSONKit (~> 1.4)
  - LBBlurredImage
  - SDWebImage
  - ViewDeck

SPEC CHECKSUMS:
  AFNetworking: 7f9bcd7c287a75476cd5c61e82fd3380e93e4c54
  FSExtendedAlertKit: f4e7dc5f0feccfa280d1f88492e8f01e8e30b97f
  JSONKit: 409734ab3407fce90ef7eaa95d7168f38d9a6601
  LBBlurredImage: f44c432794e2a8a225f4c8a563aa1bd713b6b4c5
  libwebp: 40517fa1fd3716eded73b4696c45fc0b66e4b414
  SDWebImage: f13f791e411c632489824aa7f129e230b52bf5c4
  ViewDeck: 2cdc67c4b41a10cafc7556b982f028409e33604d

COCOAPODS: 0.23.0
